
Microsoft Visual Studio Solution File, Format Version 12.00
# Visual Studio Version 16
VisualStudioVersion = 16.0.809.0
MinimumVisualStudioVersion = 10.0.40219.1
Project("{FAE04EC0-301F-11D3-BF4B-00C04F79EFBC}") = "HelloWorld", "HelloWorld\HelloWorld.csproj", "{B725B18D-2C8B-4C29-9825-E3BEB9A5C658}"
EndProject
Global
	GlobalSection(SolutionConfigurationPlatforms) = preSolution
		Debug|Any CPU = Debug|Any CPU
		Release|Any CPU = Release|Any CPU
	EndGlobalSection
	GlobalSection(ProjectConfigurationPlatforms) = postSolution
		{B725B18D-2C8B-4C29-9825-E3BEB9A5C658}.Debug|Any CPU.ActiveCfg = Debug|Any CPU
		{B725B18D-2C8B-4C29-9825-E3BEB9A5C658}.Debug|Any CPU.Build.0 = Debug|Any CPU
		{B725B18D-2C8B-4C29-9825-E3BEB9A5C658}.Release|Any CPU.ActiveCfg = Release|Any CPU
		{B725B18D-2C8B-4C29-9825-E3BEB9A5C658}.Release|Any CPU.Build.0 = Release|Any CPU
	EndGlobalSection
	GlobalSection(SolutionProperties) = preSolution
		HideSolutionNode = FALSE
	EndGlobalSection
	GlobalSection(ExtensibilityGlobals) = postSolution
		SolutionGuid = {D38D420B-95AD-4043-B1D0-6C0126C9A994}
	EndGlobalSection
EndGlobal
